
Microsoft Visual Studio Solution File, Format Version 12.00
Project("{FAE04EC0-301F-11D3-BF4B-00C04F79EFBC}") = "PostInstallationRunner", "PostInstallationRunner\PostInstallationRunner.csproj", "{8B478264-9733-429A-ABBA-CD2FF25A4EB2}"
EndProject
Project("{FAE04EC0-301F-11D3-BF4B-00C04F79EFBC}") = "WslCheck", "WslCheck\WslCheck.csproj", "{6D7BA8EF-D065-4CA5-A5E7-2C608A58AB73}"
EndProject
Global
	GlobalSection(SolutionConfigurationPlatforms) = preSolution
		Debug|Any CPU = Debug|Any CPU
		Release|Any CPU = Release|Any CPU
	EndGlobalSection
	GlobalSection(ProjectConfigurationPlatforms) = postSolution
		{8B478264-9733-429A-ABBA-CD2FF25A4EB2}.Debug|Any CPU.ActiveCfg = Debug|Any CPU
		{8B478264-9733-429A-ABBA-CD2FF25A4EB2}.Debug|Any CPU.Build.0 = Debug|Any CPU
		{8B478264-9733-429A-ABBA-CD2FF25A4EB2}.Release|Any CPU.ActiveCfg = Release|Any CPU
		{8B478264-9733-429A-ABBA-CD2FF25A4EB2}.Release|Any CPU.Build.0 = Release|Any CPU
		{6D7BA8EF-D065-4CA5-A5E7-2C608A58AB73}.Debug|Any CPU.ActiveCfg = Debug|Any CPU
		{6D7BA8EF-D065-4CA5-A5E7-2C608A58AB73}.Debug|Any CPU.Build.0 = Debug|Any CPU
		{6D7BA8EF-D065-4CA5-A5E7-2C608A58AB73}.Release|Any CPU.ActiveCfg = Release|Any CPU
		{6D7BA8EF-D065-4CA5-A5E7-2C608A58AB73}.Release|Any CPU.Build.0 = Release|Any CPU
	EndGlobalSection
EndGlobal
